schema: '2.0'
stages:
  data_ingestion:
    cmd: python src/data/data_ingestion.py
    deps:
    - path: src/data/data_ingestion.py
      hash: md5
      md5: bb90bfe1d3421ae80bc439a161d04e3e
      size: 3449
    params:
      params.yaml:
        data_ingestion.test_size: 0.3
    outs:
    - path: data/raw
      hash: md5
      md5: cdbc97ec2b63b571654ff33a9368f91e.dir
      size: 817597
      nfiles: 2
  data_preprocessing:
    cmd: python src/data/data_preprocessing.py
    deps:
    - path: data/raw
      hash: md5
      md5: cdbc97ec2b63b571654ff33a9368f91e.dir
      size: 817597
      nfiles: 2
    - path: src/data/data_preprocessing.py
      hash: md5
      md5: 2031843912c4af269f668db21e154783
      size: 3895
    outs:
    - path: data/interim
      hash: md5
      md5: 79506b06ea753b0277d2803085910507.dir
      size: 555834
      nfiles: 2
  feature_engineering:
    cmd: python src/features/feature_engineering.py
    deps:
    - path: data/interim
      hash: md5
      md5: 79506b06ea753b0277d2803085910507.dir
      size: 555834
      nfiles: 2
    - path: src/features/feature_engineering.py
      hash: md5
      md5: a4e2c9d9336aabf06653beacce87912e
      size: 3770
    params:
      params.yaml:
        feature_engineering.max_features: 5000
    outs:
    - path: data/processed
      hash: md5
      md5: 9bbd949145d23a9e7550391425dbf35e.dir
      size: 103808540
      nfiles: 2
    - path: models/vectorizer.pkl
      hash: md5
      md5: ec4247fb3ecb070a3e86cf3273b05efa
      size: 140604
  model_building:
    cmd: python src/models/model_building.py
    deps:
    - path: data/processed
      hash: md5
      md5: 9bbd949145d23a9e7550391425dbf35e.dir
      size: 103808540
      nfiles: 2
    - path: src/models/model_building.py
      hash: md5
      md5: 4d89bb8181366c524ab585b55705b265
      size: 2298
    outs:
    - path: models/model.pkl
      hash: md5
      md5: ca3d799500437923d482bfc9939de10b
      size: 40716
  model_evaluation:
    cmd: python src/models/model_evaluation.py
    deps:
    - path: models/model.pkl
      hash: md5
      md5: ca3d799500437923d482bfc9939de10b
      size: 40716
    - path: src/models/model_evaluation.py
      hash: md5
      md5: 8aec5d0859acb881aefee2b1d11f04e6
      size: 12782
    outs:
    - path: reports/experiment_info.json
      hash: md5
      md5: 0121a60517cdfe8d0ff2a18987181b8e
      size: 79
    - path: reports/metrics.json
      hash: md5
      md5: 2d8e5dbc1b1b9ef718d7364159a4b0df
      size: 140
